
Microsoft Visual Studio Solution File, Format Version 11.00
# Visual Studio 2010
Project("{F184B08F-C81C-45F6-A57F-5ABD9991F28F}") = "inv_sales", "inv_sales\inv_sales.vbproj", "{6FCE168B-CCE8-4825-8146-8D0BDC99D027}"
EndProject
Global
	GlobalSection(SolutionConfigurationPlatforms) = preSolution
		Debug|x86 = Debug|x86
		Release|x86 = Release|x86
	EndGlobalSection
	GlobalSection(ProjectConfigurationPlatforms) = postSolution
		{6FCE168B-CCE8-4825-8146-8D0BDC99D027}.Debug|x86.ActiveCfg = Debug|x86
		{6FCE168B-CCE8-4825-8146-8D0BDC99D027}.Debug|x86.Build.0 = Debug|x86
		{6FCE168B-CCE8-4825-8146-8D0BDC99D027}.Release|x86.ActiveCfg = Release|x86
		{6FCE168B-CCE8-4825-8146-8D0BDC99D027}.Release|x86.Build.0 = Release|x86
	EndGlobalSection
	GlobalSection(SolutionProperties) = preSolution
		HideSolutionNode = FALSE
	EndGlobalSection
EndGlobal
